
Microsoft Visual Studio Solution File, Format Version 12.00
# Visual Studio Version 17
VisualStudioVersion = 17.5.33424.131
MinimumVisualStudioVersion = 10.0.40219.1
Project("{9A19103F-16F7-4668-BE54-9A1E7A4F7556}") = "WebSocketServer", "WebSocketServer\WebSocketServer.csproj", "{8EF98BD4-732E-4405-AE89-56551FCCF740}"
EndProject
Project("{2150E333-8FDC-42A3-9474-1A3956D46DE8}") = "Solution Items", "Solution Items", "{EF84659C-3BAB-4B0E-A31F-3F30D8E86F6F}"
	ProjectSection(SolutionItems) = preProject
		.editorconfig = .editorconfig
	EndProjectSection
EndProject
Global
	GlobalSection(SolutionConfigurationPlatforms) = preSolution
		Debug|Any CPU = Debug|Any CPU
		Release|Any CPU = Release|Any CPU
	EndGlobalSection
	GlobalSection(ProjectConfigurationPlatforms) = postSolution
		{8EF98BD4-732E-4405-AE89-56551FCCF740}.Debug|Any CPU.ActiveCfg = Debug|Any CPU
		{8EF98BD4-732E-4405-AE89-56551FCCF740}.Debug|Any CPU.Build.0 = Debug|Any CPU
		{8EF98BD4-732E-4405-AE89-56551FCCF740}.Release|Any CPU.ActiveCfg = Release|Any CPU
		{8EF98BD4-732E-4405-AE89-56551FCCF740}.Release|Any CPU.Build.0 = Release|Any CPU
	EndGlobalSection
	GlobalSection(SolutionProperties) = preSolution
		HideSolutionNode = FALSE
	EndGlobalSection
	GlobalSection(ExtensibilityGlobals) = postSolution
		SolutionGuid = {4D0F8CCA-EA84-483C-92DD-4705CD51DF53}
	EndGlobalSection
EndGlobal
